
Microsoft Visual Studio Solution File, Format Version 11.00
# Visual Studio 2010
Project("{FAE04EC0-301F-11D3-BF4B-00C04F79EFBC}") = "Application", "Application\Application.csproj", "{C1A426AB-E4F5-4D11-9014-20C5C501D5D1}"
	ProjectSection(ProjectDependencies) = postProject
		{C6647D44-B86A-4D41-BC57-8A567BC619DE} = {C6647D44-B86A-4D41-BC57-8A567BC619DE}
	EndProjectSection
EndProject
Project("{8BC9CEB8-8B4A-11D0-8D11-00A0C91BC942}") = "Library", "Library\Library.vcxproj", "{C6647D44-B86A-4D41-BC57-8A567BC619DE}"
EndProject
Global
	GlobalSection(SolutionConfigurationPlatforms) = preSolution
		Debug|x64 = Debug|x64
		Debug|x86 = Debug|x86
		Release|x64 = Release|x64
		Release|x86 = Release|x86
	EndGlobalSection
	GlobalSection(ProjectConfigurationPlatforms) = postSolution
		{C1A426AB-E4F5-4D11-9014-20C5C501D5D1}.Debug|x64.ActiveCfg = Debug|Any CPU
		{C1A426AB-E4F5-4D11-9014-20C5C501D5D1}.Debug|x64.Build.0 = Debug|Any CPU
		{C1A426AB-E4F5-4D11-9014-20C5C501D5D1}.Debug|x86.ActiveCfg = Debug|Any CPU
		{C1A426AB-E4F5-4D11-9014-20C5C501D5D1}.Debug|x86.Build.0 = Debug|Any CPU
		{C1A426AB-E4F5-4D11-9014-20C5C501D5D1}.Release|x64.ActiveCfg = Release|Any CPU
		{C1A426AB-E4F5-4D11-9014-20C5C501D5D1}.Release|x64.Build.0 = Release|Any CPU
		{C1A426AB-E4F5-4D11-9014-20C5C501D5D1}.Release|x86.ActiveCfg = Release|Any CPU
		{C1A426AB-E4F5-4D11-9014-20C5C501D5D1}.Release|x86.Build.0 = Release|Any CPU
		{C6647D44-B86A-4D41-BC57-8A567BC619DE}.Debug|x64.ActiveCfg = Debug|x64
		{C6647D44-B86A-4D41-BC57-8A567BC619DE}.Debug|x64.Build.0 = Debug|x64
		{C6647D44-B86A-4D41-BC57-8A567BC619DE}.Debug|x86.ActiveCfg = Debug|Win32
		{C6647D44-B86A-4D41-BC57-8A567BC619DE}.Debug|x86.Build.0 = Debug|Win32
		{C6647D44-B86A-4D41-BC57-8A567BC619DE}.Release|x64.ActiveCfg = Release|x64
		{C6647D44-B86A-4D41-BC57-8A567BC619DE}.Release|x64.Build.0 = Release|x64
		{C6647D44-B86A-4D41-BC57-8A567BC619DE}.Release|x86.ActiveCfg = Release|Win32
		{C6647D44-B86A-4D41-BC57-8A567BC619DE}.Release|x86.Build.0 = Release|Win32
	EndGlobalSection
	GlobalSection(SolutionProperties) = preSolution
		HideSolutionNode = FALSE
	EndGlobalSection
EndGlobal
